
Microsoft Visual Studio Solution File, Format Version 12.00
# Visual Studio Version 17
VisualStudioVersion = 17.5.33424.131
MinimumVisualStudioVersion = 10.0.40219.1
Project("{9A19103F-16F7-4668-BE54-9A1E7A4F7556}") = "GameVui_DoanHinhGiongNhau", "GameVui_DoanHinhGiongNhau\GameVui_DoanHinhGiongNhau.csproj", "{FB155829-FACF-41A2-8667-432AAEBB556B}"
EndProject
Project("{9A19103F-16F7-4668-BE54-9A1E7A4F7556}") = "API", "API\API.csproj", "{CE580998-E96A-4E2E-AB72-2585CC1DC1E3}"
EndProject
Project("{9A19103F-16F7-4668-BE54-9A1E7A4F7556}") = "Admin_Site", "Admin_Site\Admin_Site.csproj", "{7896EC18-B5E3-4B15-9F9B-144BE9A759C8}"
EndProject
Project("{FAE04EC0-301F-11D3-BF4B-00C04F79EFBC}") = "CommonStorage", "CommonStorage\CommonStorage.csproj", "{8C2DC40E-7090-4A51-80A4-053E2E0D6223}"
EndProject
Global
	GlobalSection(SolutionConfigurationPlatforms) = preSolution
		Debug|Any CPU = Debug|Any CPU
		Release|Any CPU = Release|Any CPU
	EndGlobalSection
	GlobalSection(ProjectConfigurationPlatforms) = postSolution
		{FB155829-FACF-41A2-8667-432AAEBB556B}.Debug|Any CPU.ActiveCfg = Debug|Any CPU
		{FB155829-FACF-41A2-8667-432AAEBB556B}.Debug|Any CPU.Build.0 = Debug|Any CPU
		{FB155829-FACF-41A2-8667-432AAEBB556B}.Release|Any CPU.ActiveCfg = Release|Any CPU
		{FB155829-FACF-41A2-8667-432AAEBB556B}.Release|Any CPU.Build.0 = Release|Any CPU
		{CE580998-E96A-4E2E-AB72-2585CC1DC1E3}.Debug|Any CPU.ActiveCfg = Debug|Any CPU
		{CE580998-E96A-4E2E-AB72-2585CC1DC1E3}.Debug|Any CPU.Build.0 = Debug|Any CPU
		{CE580998-E96A-4E2E-AB72-2585CC1DC1E3}.Release|Any CPU.ActiveCfg = Release|Any CPU
		{CE580998-E96A-4E2E-AB72-2585CC1DC1E3}.Release|Any CPU.Build.0 = Release|Any CPU
		{7896EC18-B5E3-4B15-9F9B-144BE9A759C8}.Debug|Any CPU.ActiveCfg = Debug|Any CPU
		{7896EC18-B5E3-4B15-9F9B-144BE9A759C8}.Debug|Any CPU.Build.0 = Debug|Any CPU
		{7896EC18-B5E3-4B15-9F9B-144BE9A759C8}.Release|Any CPU.ActiveCfg = Release|Any CPU
		{7896EC18-B5E3-4B15-9F9B-144BE9A759C8}.Release|Any CPU.Build.0 = Release|Any CPU
		{8C2DC40E-7090-4A51-80A4-053E2E0D6223}.Debug|Any CPU.ActiveCfg = Debug|Any CPU
		{8C2DC40E-7090-4A51-80A4-053E2E0D6223}.Debug|Any CPU.Build.0 = Debug|Any CPU
		{8C2DC40E-7090-4A51-80A4-053E2E0D6223}.Release|Any CPU.ActiveCfg = Release|Any CPU
		{8C2DC40E-7090-4A51-80A4-053E2E0D6223}.Release|Any CPU.Build.0 = Release|Any CPU
	EndGlobalSection
	GlobalSection(SolutionProperties) = preSolution
		HideSolutionNode = FALSE
	EndGlobalSection
	GlobalSection(ExtensibilityGlobals) = postSolution
		SolutionGuid = {48A47310-302C-4A37-A5C9-EEF7C20A935A}
	EndGlobalSection
EndGlobal
